
Microsoft Visual Studio Solution File, Format Version 12.00
# Visual Studio Version 16
VisualStudioVersion = 16.0.31025.194
MinimumVisualStudioVersion = 10.0.40219.1
Project("{00D1A9C2-B5F0-4AF3-8072-F6C62B433612}") = "Accounting.Data", "Accounting.Data\Accounting.Data.sqlproj", "{C1956CA6-2A53-44A6-8C57-259FED23E241}"
EndProject
Project("{9A19103F-16F7-4668-BE54-9A1E7A4F7556}") = "Accounting.DataManager", "Accounting.DataManager\Accounting.DataManager.csproj", "{3BF214EC-65C7-440A-82A8-CD07BF5CFF2F}"
EndProject
Project("{2150E333-8FDC-42A3-9474-1A3956D46DE8}") = "API", "API", "{CB8D8F15-048F-4744-9082-F97FCCB08785}"
EndProject
Project("{2150E333-8FDC-42A3-9474-1A3956D46DE8}") = "Database", "Database", "{1AD6754E-399C-4817-94A9-2956C61CCABF}"
EndProject
Project("{2150E333-8FDC-42A3-9474-1A3956D46DE8}") = "WPF", "WPF", "{0E92B5F6-3120-4291-B3A1-300E6462F0A7}"
EndProject
Project("{9A19103F-16F7-4668-BE54-9A1E7A4F7556}") = "AccountingUI.Core", "AccountingUI.Core\AccountingUI.Core.csproj", "{F14FF839-8E89-4599-8176-4F072895F70E}"
EndProject
Project("{9A19103F-16F7-4668-BE54-9A1E7A4F7556}") = "Accounting.Api", "Accounting.Api\Accounting.Api.csproj", "{B8BD1143-E358-408D-8F0E-DF1CB5618410}"
EndProject
Project("{9A19103F-16F7-4668-BE54-9A1E7A4F7556}") = "AccountingUI.Wpf", "AccountingUI.WPF\AccountingUI.Wpf.csproj", "{53BBC213-0255-4459-B500-8FEBE7C25115}"
EndProject
Project("{9A19103F-16F7-4668-BE54-9A1E7A4F7556}") = "LoginModule", "LoginModule\LoginModule.csproj", "{2C333384-C620-47E0-A527-51DC54BE2745}"
EndProject
Project("{9A19103F-16F7-4668-BE54-9A1E7A4F7556}") = "PartnersModule", "PartnersModule\PartnersModule.csproj", "{C5BF2409-D229-40EE-9679-00823282E1E2}"
EndProject
Project("{9A19103F-16F7-4668-BE54-9A1E7A4F7556}") = "CompanyModule", "CompanyModule\CompanyModule.csproj", "{783E9DDC-69F7-490F-8814-C0CA390ADA44}"
EndProject
Project("{9A19103F-16F7-4668-BE54-9A1E7A4F7556}") = "EmployeeModule", "EmployeeModule\EmployeeModule.csproj", "{BCD8E828-C8DB-4E8D-8785-E8D3F7931E70}"
EndProject
Project("{9A19103F-16F7-4668-BE54-9A1E7A4F7556}") = "CitiesModule", "Cities\CitiesModule.csproj", "{87B37203-0BED-447B-9233-F500A3C7EE8E}"
EndProject
Project("{9A19103F-16F7-4668-BE54-9A1E7A4F7556}") = "PayrollModule", "PayrollModule\PayrollModule.csproj", "{04AB84F3-B695-4960-AABC-2BE1E3061F7B}"
EndProject
Project("{9A19103F-16F7-4668-BE54-9A1E7A4F7556}") = "BookUraModule", "BookUraModule\BookUraModule.csproj", "{743217DE-3670-43B9-BBC9-FBCD28DEC9DF}"
EndProject
Project("{9A19103F-16F7-4668-BE54-9A1E7A4F7556}") = "BookAccountsModule", "BookAccountsModule\BookAccountsModule.csproj", "{DD99A27E-620D-4323-BD35-4176C52F0754}"
EndProject
Project("{9A19103F-16F7-4668-BE54-9A1E7A4F7556}") = "BookIraModule", "BookIraModule\BookIraModule.csproj", "{840C9FEB-87D0-48A5-880D-3C3C1433B205}"
EndProject
Project("{9A19103F-16F7-4668-BE54-9A1E7A4F7556}") = "BankReportsModule", "BankReportsModule\BankReportsModule.csproj", "{40E1D21C-DF87-41C9-921F-C66E63555D41}"
EndProject
Project("{9A19103F-16F7-4668-BE54-9A1E7A4F7556}") = "VATModule", "VATModule\VATModule.csproj", "{82DCE133-BF7B-4B6C-86EA-3F4B70992707}"
EndProject
Project("{9A19103F-16F7-4668-BE54-9A1E7A4F7556}") = "AssetsModule", "AssetsModule\AssetsModule.csproj", "{5D7131FE-C884-445A-87AC-4FD644E8B0EA}"
EndProject
Project("{9A19103F-16F7-4668-BE54-9A1E7A4F7556}") = "BookJournalModule", "BookJournalModule\BookJournalModule.csproj", "{5C80B478-CB03-4B81-951A-BC8BB9FFAE8B}"
EndProject
Project("{9A19103F-16F7-4668-BE54-9A1E7A4F7556}") = "BalanceSheetModule", "BalanceSheetModule\BalanceSheetModule.csproj", "{B5833CF8-2C0D-49ED-8891-2C2D6C1E1BDC}"
EndProject
Project("{FAE04EC0-301F-11D3-BF4B-00C04F79EFBC}") = "TravelOrdersModule", "TravelOrdersModule\TravelOrdersModule.csproj", "{7D604C3A-99E1-49F3-9140-2DD0E77B0D5C}"
EndProject
Global
	GlobalSection(SolutionConfigurationPlatforms) = preSolution
		Debug|Any CPU = Debug|Any CPU
		Release|Any CPU = Release|Any CPU
	EndGlobalSection
	GlobalSection(ProjectConfigurationPlatforms) = postSolution
		{C1956CA6-2A53-44A6-8C57-259FED23E241}.Debug|Any CPU.ActiveCfg = Debug|Any CPU
		{C1956CA6-2A53-44A6-8C57-259FED23E241}.Debug|Any CPU.Build.0 = Debug|Any CPU
		{C1956CA6-2A53-44A6-8C57-259FED23E241}.Debug|Any CPU.Deploy.0 = Debug|Any CPU
		{C1956CA6-2A53-44A6-8C57-259FED23E241}.Release|Any CPU.ActiveCfg = Release|Any CPU
		{C1956CA6-2A53-44A6-8C57-259FED23E241}.Release|Any CPU.Build.0 = Release|Any CPU
		{C1956CA6-2A53-44A6-8C57-259FED23E241}.Release|Any CPU.Deploy.0 = Release|Any CPU
		{3BF214EC-65C7-440A-82A8-CD07BF5CFF2F}.Debug|Any CPU.ActiveCfg = Debug|Any CPU
		{3BF214EC-65C7-440A-82A8-CD07BF5CFF2F}.Debug|Any CPU.Build.0 = Debug|Any CPU
		{3BF214EC-65C7-440A-82A8-CD07BF5CFF2F}.Release|Any CPU.ActiveCfg = Release|Any CPU
		{3BF214EC-65C7-440A-82A8-CD07BF5CFF2F}.Release|Any CPU.Build.0 = Release|Any CPU
		{F14FF839-8E89-4599-8176-4F072895F70E}.Debug|Any CPU.ActiveCfg = Debug|Any CPU
		{F14FF839-8E89-4599-8176-4F072895F70E}.Debug|Any CPU.Build.0 = Debug|Any CPU
		{F14FF839-8E89-4599-8176-4F072895F70E}.Release|Any CPU.ActiveCfg = Release|Any CPU
		{F14FF839-8E89-4599-8176-4F072895F70E}.Release|Any CPU.Build.0 = Release|Any CPU
		{B8BD1143-E358-408D-8F0E-DF1CB5618410}.Debug|Any CPU.ActiveCfg = Debug|Any CPU
		{B8BD1143-E358-408D-8F0E-DF1CB5618410}.Debug|Any CPU.Build.0 = Debug|Any CPU
		{B8BD1143-E358-408D-8F0E-DF1CB5618410}.Release|Any CPU.ActiveCfg = Release|Any CPU
		{B8BD1143-E358-408D-8F0E-DF1CB5618410}.Release|Any CPU.Build.0 = Release|Any CPU
		{53BBC213-0255-4459-B500-8FEBE7C25115}.Debug|Any CPU.ActiveCfg = Debug|Any CPU
		{53BBC213-0255-4459-B500-8FEBE7C25115}.Debug|Any CPU.Build.0 = Debug|Any CPU
		{53BBC213-0255-4459-B500-8FEBE7C25115}.Release|Any CPU.ActiveCfg = Release|Any CPU
		{53BBC213-0255-4459-B500-8FEBE7C25115}.Release|Any CPU.Build.0 = Release|Any CPU
		{2C333384-C620-47E0-A527-51DC54BE2745}.Debug|Any CPU.ActiveCfg = Debug|Any CPU
		{2C333384-C620-47E0-A527-51DC54BE2745}.Debug|Any CPU.Build.0 = Debug|Any CPU
		{2C333384-C620-47E0-A527-51DC54BE2745}.Release|Any CPU.ActiveCfg = Release|Any CPU
		{2C333384-C620-47E0-A527-51DC54BE2745}.Release|Any CPU.Build.0 = Release|Any CPU
		{C5BF2409-D229-40EE-9679-00823282E1E2}.Debug|Any CPU.ActiveCfg = Debug|Any CPU
		{C5BF2409-D229-40EE-9679-00823282E1E2}.Debug|Any CPU.Build.0 = Debug|Any CPU
		{C5BF2409-D229-40EE-9679-00823282E1E2}.Release|Any CPU.ActiveCfg = Release|Any CPU
		{C5BF2409-D229-40EE-9679-00823282E1E2}.Release|Any CPU.Build.0 = Release|Any CPU
		{783E9DDC-69F7-490F-8814-C0CA390ADA44}.Debug|Any CPU.ActiveCfg = Debug|Any CPU
		{783E9DDC-69F7-490F-8814-C0CA390ADA44}.Debug|Any CPU.Build.0 = Debug|Any CPU
		{783E9DDC-69F7-490F-8814-C0CA390ADA44}.Release|Any CPU.ActiveCfg = Release|Any CPU
		{783E9DDC-69F7-490F-8814-C0CA390ADA44}.Release|Any CPU.Build.0 = Release|Any CPU
		{BCD8E828-C8DB-4E8D-8785-E8D3F7931E70}.Debug|Any CPU.ActiveCfg = Debug|Any CPU
		{BCD8E828-C8DB-4E8D-8785-E8D3F7931E70}.Debug|Any CPU.Build.0 = Debug|Any CPU
		{BCD8E828-C8DB-4E8D-8785-E8D3F7931E70}.Release|Any CPU.ActiveCfg = Release|Any CPU
		{BCD8E828-C8DB-4E8D-8785-E8D3F7931E70}.Release|Any CPU.Build.0 = Release|Any CPU
		{87B37203-0BED-447B-9233-F500A3C7EE8E}.Debug|Any CPU.ActiveCfg = Debug|Any CPU
		{87B37203-0BED-447B-9233-F500A3C7EE8E}.Debug|Any CPU.Build.0 = Debug|Any CPU
		{87B37203-0BED-447B-9233-F500A3C7EE8E}.Release|Any CPU.ActiveCfg = Release|Any CPU
		{87B37203-0BED-447B-9233-F500A3C7EE8E}.Release|Any CPU.Build.0 = Release|Any CPU
		{04AB84F3-B695-4960-AABC-2BE1E3061F7B}.Debug|Any CPU.ActiveCfg = Debug|Any CPU
		{04AB84F3-B695-4960-AABC-2BE1E3061F7B}.Debug|Any CPU.Build.0 = Debug|Any CPU
		{04AB84F3-B695-4960-AABC-2BE1E3061F7B}.Release|Any CPU.ActiveCfg = Release|Any CPU
		{04AB84F3-B695-4960-AABC-2BE1E3061F7B}.Release|Any CPU.Build.0 = Release|Any CPU
		{743217DE-3670-43B9-BBC9-FBCD28DEC9DF}.Debug|Any CPU.ActiveCfg = Debug|Any CPU
		{743217DE-3670-43B9-BBC9-FBCD28DEC9DF}.Debug|Any CPU.Build.0 = Debug|Any CPU
		{743217DE-3670-43B9-BBC9-FBCD28DEC9DF}.Release|Any CPU.ActiveCfg = Release|Any CPU
		{743217DE-3670-43B9-BBC9-FBCD28DEC9DF}.Release|Any CPU.Build.0 = Release|Any CPU
		{DD99A27E-620D-4323-BD35-4176C52F0754}.Debug|Any CPU.ActiveCfg = Debug|Any CPU
		{DD99A27E-620D-4323-BD35-4176C52F0754}.Debug|Any CPU.Build.0 = Debug|Any CPU
		{DD99A27E-620D-4323-BD35-4176C52F0754}.Release|Any CPU.ActiveCfg = Release|Any CPU
		{DD99A27E-620D-4323-BD35-4176C52F0754}.Release|Any CPU.Build.0 = Release|Any CPU
		{840C9FEB-87D0-48A5-880D-3C3C1433B205}.Debug|Any CPU.ActiveCfg = Debug|Any CPU
		{840C9FEB-87D0-48A5-880D-3C3C1433B205}.Debug|Any CPU.Build.0 = Debug|Any CPU
		{840C9FEB-87D0-48A5-880D-3C3C1433B205}.Release|Any CPU.ActiveCfg = Release|Any CPU
		{840C9FEB-87D0-48A5-880D-3C3C1433B205}.Release|Any CPU.Build.0 = Release|Any CPU
		{40E1D21C-DF87-41C9-921F-C66E63555D41}.Debug|Any CPU.ActiveCfg = Debug|Any CPU
		{40E1D21C-DF87-41C9-921F-C66E63555D41}.Debug|Any CPU.Build.0 = Debug|Any CPU
		{40E1D21C-DF87-41C9-921F-C66E63555D41}.Release|Any CPU.ActiveCfg = Release|Any CPU
		{40E1D21C-DF87-41C9-921F-C66E63555D41}.Release|Any CPU.Build.0 = Release|Any CPU
		{82DCE133-BF7B-4B6C-86EA-3F4B70992707}.Debug|Any CPU.ActiveCfg = Debug|Any CPU
		{82DCE133-BF7B-4B6C-86EA-3F4B70992707}.Debug|Any CPU.Build.0 = Debug|Any CPU
		{82DCE133-BF7B-4B6C-86EA-3F4B70992707}.Release|Any CPU.ActiveCfg = Release|Any CPU
		{82DCE133-BF7B-4B6C-86EA-3F4B70992707}.Release|Any CPU.Build.0 = Release|Any CPU
		{5D7131FE-C884-445A-87AC-4FD644E8B0EA}.Debug|Any CPU.ActiveCfg = Debug|Any CPU
		{5D7131FE-C884-445A-87AC-4FD644E8B0EA}.Debug|Any CPU.Build.0 = Debug|Any CPU
		{5D7131FE-C884-445A-87AC-4FD644E8B0EA}.Release|Any CPU.ActiveCfg = Release|Any CPU
		{5D7131FE-C884-445A-87AC-4FD644E8B0EA}.Release|Any CPU.Build.0 = Release|Any CPU
		{5C80B478-CB03-4B81-951A-BC8BB9FFAE8B}.Debug|Any CPU.ActiveCfg = Debug|Any CPU
		{5C80B478-CB03-4B81-951A-BC8BB9FFAE8B}.Debug|Any CPU.Build.0 = Debug|Any CPU
		{5C80B478-CB03-4B81-951A-BC8BB9FFAE8B}.Release|Any CPU.ActiveCfg = Release|Any CPU
		{5C80B478-CB03-4B81-951A-BC8BB9FFAE8B}.Release|Any CPU.Build.0 = Release|Any CPU
		{B5833CF8-2C0D-49ED-8891-2C2D6C1E1BDC}.Debug|Any CPU.ActiveCfg = Debug|Any CPU
		{B5833CF8-2C0D-49ED-8891-2C2D6C1E1BDC}.Debug|Any CPU.Build.0 = Debug|Any CPU
		{B5833CF8-2C0D-49ED-8891-2C2D6C1E1BDC}.Release|Any CPU.ActiveCfg = Release|Any CPU
		{B5833CF8-2C0D-49ED-8891-2C2D6C1E1BDC}.Release|Any CPU.Build.0 = Release|Any CPU
		{7D604C3A-99E1-49F3-9140-2DD0E77B0D5C}.Debug|Any CPU.ActiveCfg = Debug|Any CPU
		{7D604C3A-99E1-49F3-9140-2DD0E77B0D5C}.Debug|Any CPU.Build.0 = Debug|Any CPU
		{7D604C3A-99E1-49F3-9140-2DD0E77B0D5C}.Release|Any CPU.ActiveCfg = Release|Any CPU
		{7D604C3A-99E1-49F3-9140-2DD0E77B0D5C}.Release|Any CPU.Build.0 = Release|Any CPU
	EndGlobalSection
	GlobalSection(SolutionProperties) = preSolution
		HideSolutionNode = FALSE
	EndGlobalSection
	GlobalSection(NestedProjects) = preSolution
		{C1956CA6-2A53-44A6-8C57-259FED23E241} = {1AD6754E-399C-4817-94A9-2956C61CCABF}
		{3BF214EC-65C7-440A-82A8-CD07BF5CFF2F} = {CB8D8F15-048F-4744-9082-F97FCCB08785}
		{F14FF839-8E89-4599-8176-4F072895F70E} = {0E92B5F6-3120-4291-B3A1-300E6462F0A7}
		{B8BD1143-E358-408D-8F0E-DF1CB5618410} = {CB8D8F15-048F-4744-9082-F97FCCB08785}
		{53BBC213-0255-4459-B500-8FEBE7C25115} = {0E92B5F6-3120-4291-B3A1-300E6462F0A7}
		{2C333384-C620-47E0-A527-51DC54BE2745} = {0E92B5F6-3120-4291-B3A1-300E6462F0A7}
		{C5BF2409-D229-40EE-9679-00823282E1E2} = {0E92B5F6-3120-4291-B3A1-300E6462F0A7}
		{783E9DDC-69F7-490F-8814-C0CA390ADA44} = {0E92B5F6-3120-4291-B3A1-300E6462F0A7}
		{BCD8E828-C8DB-4E8D-8785-E8D3F7931E70} = {0E92B5F6-3120-4291-B3A1-300E6462F0A7}
		{87B37203-0BED-447B-9233-F500A3C7EE8E} = {0E92B5F6-3120-4291-B3A1-300E6462F0A7}
		{04AB84F3-B695-4960-AABC-2BE1E3061F7B} = {0E92B5F6-3120-4291-B3A1-300E6462F0A7}
		{743217DE-3670-43B9-BBC9-FBCD28DEC9DF} = {0E92B5F6-3120-4291-B3A1-300E6462F0A7}
		{DD99A27E-620D-4323-BD35-4176C52F0754} = {0E92B5F6-3120-4291-B3A1-300E6462F0A7}
		{840C9FEB-87D0-48A5-880D-3C3C1433B205} = {0E92B5F6-3120-4291-B3A1-300E6462F0A7}
		{40E1D21C-DF87-41C9-921F-C66E63555D41} = {0E92B5F6-3120-4291-B3A1-300E6462F0A7}
		{82DCE133-BF7B-4B6C-86EA-3F4B70992707} = {0E92B5F6-3120-4291-B3A1-300E6462F0A7}
		{5D7131FE-C884-445A-87AC-4FD644E8B0EA} = {0E92B5F6-3120-4291-B3A1-300E6462F0A7}
		{5C80B478-CB03-4B81-951A-BC8BB9FFAE8B} = {0E92B5F6-3120-4291-B3A1-300E6462F0A7}
		{B5833CF8-2C0D-49ED-8891-2C2D6C1E1BDC} = {0E92B5F6-3120-4291-B3A1-300E6462F0A7}
		{7D604C3A-99E1-49F3-9140-2DD0E77B0D5C} = {0E92B5F6-3120-4291-B3A1-300E6462F0A7}
	EndGlobalSection
	GlobalSection(ExtensibilityGlobals) = postSolution
		SolutionGuid = {C146DCE3-AE73-4C23-A973-F16BCE354B0B}
	EndGlobalSection
EndGlobal
